
Microsoft Visual Studio Solution File, Format Version 11.00
# Visual Studio 2010
Project("{FAE04EC0-301F-11D3-BF4B-00C04F79EFBC}") = "Gibbed.MadMax.FileFormats", "Gibbed.MadMax.FileFormats\Gibbed.MadMax.FileFormats.csproj", "{ABD7E120-CAEB-4D5D-871C-33A915A75BB1}"
EndProject
Project("{FAE04EC0-301F-11D3-BF4B-00C04F79EFBC}") = "Gibbed.IO", "Gibbed.IO\Gibbed.IO.csproj", "{047857BA-DAA3-4CA7-AFB8-A1B082B28C6A}"
EndProject
Project("{FAE04EC0-301F-11D3-BF4B-00C04F79EFBC}") = "Gibbed.ProjectData", "Gibbed.ProjectData\Gibbed.ProjectData.csproj", "{F27A289E-3376-4653-89F3-D19C1ECABF33}"
EndProject
Project("{FAE04EC0-301F-11D3-BF4B-00C04F79EFBC}") = "NDesk.Options", "NDesk.Options\NDesk.Options.csproj", "{C98A6CD6-9422-4B35-8B7A-F520D75534D1}"
EndProject
Project("{2150E333-8FDC-42A3-9474-1A3956D46DE8}") = "Misc", "Misc", "{5ED44CF9-B206-43D8-8EC3-8CF78F972F04}"
EndProject
Project("{FAE04EC0-301F-11D3-BF4B-00C04F79EFBC}") = "RebuildFileLists", "RebuildFileLists\RebuildFileLists.csproj", "{3A99C052-65CA-4186-83FA-C00F067C67C3}"
EndProject
Project("{FAE04EC0-301F-11D3-BF4B-00C04F79EFBC}") = "Gibbed.MadMax.Unpack", "Gibbed.MadMax.Unpack\Gibbed.MadMax.Unpack.csproj", "{49C12177-E83A-4CD9-872E-414FCB1B259D}"
EndProject
Project("{FAE04EC0-301F-11D3-BF4B-00C04F79EFBC}") = "Gibbed.MadMax.PropertyFormats", "Gibbed.MadMax.PropertyFormats\Gibbed.MadMax.PropertyFormats.csproj", "{54E44377-22E4-4477-A75C-0514AB69E94C}"
EndProject
Project("{FAE04EC0-301F-11D3-BF4B-00C04F79EFBC}") = "Gibbed.MadMax.PropertyConvert", "Gibbed.MadMax.PropertyConvert\Gibbed.MadMax.PropertyConvert.csproj", "{797E2FF9-A60A-455A-975D-6074EDEEA653}"
EndProject
Project("{FAE04EC0-301F-11D3-BF4B-00C04F79EFBC}") = "Gibbed.MadMax.AdfConvert", "Gibbed.MadMax.AdfConvert\Gibbed.MadMax.AdfConvert.csproj", "{FA1B9E03-AA18-44EF-8B6B-1FDE8582B97F}"
EndProject
Global
	GlobalSection(SolutionConfigurationPlatforms) = preSolution
		Debug|Any CPU = Debug|Any CPU
		Debug|Mixed Platforms = Debug|Mixed Platforms
		Debug|x86 = Debug|x86
		Release|Any CPU = Release|Any CPU
		Release|Mixed Platforms = Release|Mixed Platforms
		Release|x86 = Release|x86
	EndGlobalSection
	GlobalSection(ProjectConfigurationPlatforms) = postSolution
		{ABD7E120-CAEB-4D5D-871C-33A915A75BB1}.Debug|Any CPU.ActiveCfg = Debug|Any CPU
		{ABD7E120-CAEB-4D5D-871C-33A915A75BB1}.Debug|Any CPU.Build.0 = Debug|Any CPU
		{ABD7E120-CAEB-4D5D-871C-33A915A75BB1}.Debug|Mixed Platforms.ActiveCfg = Debug|Any CPU
		{ABD7E120-CAEB-4D5D-871C-33A915A75BB1}.Debug|Mixed Platforms.Build.0 = Debug|Any CPU
		{ABD7E120-CAEB-4D5D-871C-33A915A75BB1}.Debug|x86.ActiveCfg = Debug|Any CPU
		{ABD7E120-CAEB-4D5D-871C-33A915A75BB1}.Release|Any CPU.ActiveCfg = Release|Any CPU
		{ABD7E120-CAEB-4D5D-871C-33A915A75BB1}.Release|Any CPU.Build.0 = Release|Any CPU
		{ABD7E120-CAEB-4D5D-871C-33A915A75BB1}.Release|Mixed Platforms.ActiveCfg = Release|Any CPU
		{ABD7E120-CAEB-4D5D-871C-33A915A75BB1}.Release|Mixed Platforms.Build.0 = Release|Any CPU
		{ABD7E120-CAEB-4D5D-871C-33A915A75BB1}.Release|x86.ActiveCfg = Release|Any CPU
		{047857BA-DAA3-4CA7-AFB8-A1B082B28C6A}.Debug|Any CPU.ActiveCfg = Debug|Any CPU
		{047857BA-DAA3-4CA7-AFB8-A1B082B28C6A}.Debug|Any CPU.Build.0 = Debug|Any CPU
		{047857BA-DAA3-4CA7-AFB8-A1B082B28C6A}.Debug|Mixed Platforms.ActiveCfg = Debug|Any CPU
		{047857BA-DAA3-4CA7-AFB8-A1B082B28C6A}.Debug|Mixed Platforms.Build.0 = Debug|Any CPU
		{047857BA-DAA3-4CA7-AFB8-A1B082B28C6A}.Debug|x86.ActiveCfg = Debug|Any CPU
		{047857BA-DAA3-4CA7-AFB8-A1B082B28C6A}.Release|Any CPU.ActiveCfg = Release|Any CPU
		{047857BA-DAA3-4CA7-AFB8-A1B082B28C6A}.Release|Any CPU.Build.0 = Release|Any CPU
		{047857BA-DAA3-4CA7-AFB8-A1B082B28C6A}.Release|Mixed Platforms.ActiveCfg = Release|Any CPU
		{047857BA-DAA3-4CA7-AFB8-A1B082B28C6A}.Release|Mixed Platforms.Build.0 = Release|Any CPU
		{047857BA-DAA3-4CA7-AFB8-A1B082B28C6A}.Release|x86.ActiveCfg = Release|Any CPU
		{F27A289E-3376-4653-89F3-D19C1ECABF33}.Debug|Any CPU.ActiveCfg = Debug|Any CPU
		{F27A289E-3376-4653-89F3-D19C1ECABF33}.Debug|Any CPU.Build.0 = Debug|Any CPU
		{F27A289E-3376-4653-89F3-D19C1ECABF33}.Debug|Mixed Platforms.ActiveCfg = Debug|Any CPU
		{F27A289E-3376-4653-89F3-D19C1ECABF33}.Debug|Mixed Platforms.Build.0 = Debug|Any CPU
		{F27A289E-3376-4653-89F3-D19C1ECABF33}.Debug|x86.ActiveCfg = Debug|Any CPU
		{F27A289E-3376-4653-89F3-D19C1ECABF33}.Release|Any CPU.ActiveCfg = Release|Any CPU
		{F27A289E-3376-4653-89F3-D19C1ECABF33}.Release|Any CPU.Build.0 = Release|Any CPU
		{F27A289E-3376-4653-89F3-D19C1ECABF33}.Release|Mixed Platforms.ActiveCfg = Release|Any CPU
		{F27A289E-3376-4653-89F3-D19C1ECABF33}.Release|Mixed Platforms.Build.0 = Release|Any CPU
		{F27A289E-3376-4653-89F3-D19C1ECABF33}.Release|x86.ActiveCfg = Release|Any CPU
		{C98A6CD6-9422-4B35-8B7A-F520D75534D1}.Debug|Any CPU.ActiveCfg = Debug|Any CPU
		{C98A6CD6-9422-4B35-8B7A-F520D75534D1}.Debug|Any CPU.Build.0 = Debug|Any CPU
		{C98A6CD6-9422-4B35-8B7A-F520D75534D1}.Debug|Mixed Platforms.ActiveCfg = Debug|Any CPU
		{C98A6CD6-9422-4B35-8B7A-F520D75534D1}.Debug|Mixed Platforms.Build.0 = Debug|Any CPU
		{C98A6CD6-9422-4B35-8B7A-F520D75534D1}.Debug|x86.ActiveCfg = Debug|Any CPU
		{C98A6CD6-9422-4B35-8B7A-F520D75534D1}.Release|Any CPU.ActiveCfg = Release|Any CPU
		{C98A6CD6-9422-4B35-8B7A-F520D75534D1}.Release|Any CPU.Build.0 = Release|Any CPU
		{C98A6CD6-9422-4B35-8B7A-F520D75534D1}.Release|Mixed Platforms.ActiveCfg = Release|Any CPU
		{C98A6CD6-9422-4B35-8B7A-F520D75534D1}.Release|Mixed Platforms.Build.0 = Release|Any CPU
		{C98A6CD6-9422-4B35-8B7A-F520D75534D1}.Release|x86.ActiveCfg = Release|Any CPU
		{3A99C052-65CA-4186-83FA-C00F067C67C3}.Debug|Any CPU.ActiveCfg = Debug|x86
		{3A99C052-65CA-4186-83FA-C00F067C67C3}.Debug|Mixed Platforms.ActiveCfg = Debug|x86
		{3A99C052-65CA-4186-83FA-C00F067C67C3}.Debug|Mixed Platforms.Build.0 = Debug|x86
		{3A99C052-65CA-4186-83FA-C00F067C67C3}.Debug|x86.ActiveCfg = Debug|x86
		{3A99C052-65CA-4186-83FA-C00F067C67C3}.Debug|x86.Build.0 = Debug|x86
		{3A99C052-65CA-4186-83FA-C00F067C67C3}.Release|Any CPU.ActiveCfg = Release|x86
		{3A99C052-65CA-4186-83FA-C00F067C67C3}.Release|Mixed Platforms.ActiveCfg = Release|x86
		{3A99C052-65CA-4186-83FA-C00F067C67C3}.Release|Mixed Platforms.Build.0 = Release|x86
		{3A99C052-65CA-4186-83FA-C00F067C67C3}.Release|x86.ActiveCfg = Release|x86
		{3A99C052-65CA-4186-83FA-C00F067C67C3}.Release|x86.Build.0 = Release|x86
		{49C12177-E83A-4CD9-872E-414FCB1B259D}.Debug|Any CPU.ActiveCfg = Debug|x86
		{49C12177-E83A-4CD9-872E-414FCB1B259D}.Debug|Mixed Platforms.ActiveCfg = Debug|x86
		{49C12177-E83A-4CD9-872E-414FCB1B259D}.Debug|Mixed Platforms.Build.0 = Debug|x86
		{49C12177-E83A-4CD9-872E-414FCB1B259D}.Debug|x86.ActiveCfg = Debug|x86
		{49C12177-E83A-4CD9-872E-414FCB1B259D}.Debug|x86.Build.0 = Debug|x86
		{49C12177-E83A-4CD9-872E-414FCB1B259D}.Release|Any CPU.ActiveCfg = Release|x86
		{49C12177-E83A-4CD9-872E-414FCB1B259D}.Release|Mixed Platforms.ActiveCfg = Release|x86
		{49C12177-E83A-4CD9-872E-414FCB1B259D}.Release|Mixed Platforms.Build.0 = Release|x86
		{49C12177-E83A-4CD9-872E-414FCB1B259D}.Release|x86.ActiveCfg = Release|x86
		{49C12177-E83A-4CD9-872E-414FCB1B259D}.Release|x86.Build.0 = Release|x86
		{54E44377-22E4-4477-A75C-0514AB69E94C}.Debug|Any CPU.ActiveCfg = Debug|Any CPU
		{54E44377-22E4-4477-A75C-0514AB69E94C}.Debug|Any CPU.Build.0 = Debug|Any CPU
		{54E44377-22E4-4477-A75C-0514AB69E94C}.Debug|Mixed Platforms.ActiveCfg = Debug|Any CPU
		{54E44377-22E4-4477-A75C-0514AB69E94C}.Debug|Mixed Platforms.Build.0 = Debug|Any CPU
		{54E44377-22E4-4477-A75C-0514AB69E94C}.Debug|x86.ActiveCfg = Debug|Any CPU
		{54E44377-22E4-4477-A75C-0514AB69E94C}.Release|Any CPU.ActiveCfg = Release|Any CPU
		{54E44377-22E4-4477-A75C-0514AB69E94C}.Release|Any CPU.Build.0 = Release|Any CPU
		{54E44377-22E4-4477-A75C-0514AB69E94C}.Release|Mixed Platforms.ActiveCfg = Release|Any CPU
		{54E44377-22E4-4477-A75C-0514AB69E94C}.Release|Mixed Platforms.Build.0 = Release|Any CPU
		{54E44377-22E4-4477-A75C-0514AB69E94C}.Release|x86.ActiveCfg = Release|Any CPU
		{797E2FF9-A60A-455A-975D-6074EDEEA653}.Debug|Any CPU.ActiveCfg = Debug|x86
		{797E2FF9-A60A-455A-975D-6074EDEEA653}.Debug|Mixed Platforms.ActiveCfg = Debug|x86
		{797E2FF9-A60A-455A-975D-6074EDEEA653}.Debug|Mixed Platforms.Build.0 = Debug|x86
		{797E2FF9-A60A-455A-975D-6074EDEEA653}.Debug|x86.ActiveCfg = Debug|x86
		{797E2FF9-A60A-455A-975D-6074EDEEA653}.Debug|x86.Build.0 = Debug|x86
		{797E2FF9-A60A-455A-975D-6074EDEEA653}.Release|Any CPU.ActiveCfg = Release|x86
		{797E2FF9-A60A-455A-975D-6074EDEEA653}.Release|Mixed Platforms.ActiveCfg = Release|x86
		{797E2FF9-A60A-455A-975D-6074EDEEA653}.Release|Mixed Platforms.Build.0 = Release|x86
		{797E2FF9-A60A-455A-975D-6074EDEEA653}.Release|x86.ActiveCfg = Release|x86
		{797E2FF9-A60A-455A-975D-6074EDEEA653}.Release|x86.Build.0 = Release|x86
		{FA1B9E03-AA18-44EF-8B6B-1FDE8582B97F}.Debug|Any CPU.ActiveCfg = Debug|x86
		{FA1B9E03-AA18-44EF-8B6B-1FDE8582B97F}.Debug|Mixed Platforms.ActiveCfg = Debug|x86
		{FA1B9E03-AA18-44EF-8B6B-1FDE8582B97F}.Debug|Mixed Platforms.Build.0 = Debug|x86
		{FA1B9E03-AA18-44EF-8B6B-1FDE8582B97F}.Debug|x86.ActiveCfg = Debug|x86
		{FA1B9E03-AA18-44EF-8B6B-1FDE8582B97F}.Debug|x86.Build.0 = Debug|x86
		{FA1B9E03-AA18-44EF-8B6B-1FDE8582B97F}.Release|Any CPU.ActiveCfg = Release|x86
		{FA1B9E03-AA18-44EF-8B6B-1FDE8582B97F}.Release|Mixed Platforms.ActiveCfg = Release|x86
		{FA1B9E03-AA18-44EF-8B6B-1FDE8582B97F}.Release|Mixed Platforms.Build.0 = Release|x86
		{FA1B9E03-AA18-44EF-8B6B-1FDE8582B97F}.Release|x86.ActiveCfg = Release|x86
		{FA1B9E03-AA18-44EF-8B6B-1FDE8582B97F}.Release|x86.Build.0 = Release|x86
	EndGlobalSection
	GlobalSection(SolutionProperties) = preSolution
		HideSolutionNode = FALSE
	EndGlobalSection
	GlobalSection(NestedProjects) = preSolution
		{F27A289E-3376-4653-89F3-D19C1ECABF33} = {5ED44CF9-B206-43D8-8EC3-8CF78F972F04}
		{C98A6CD6-9422-4B35-8B7A-F520D75534D1} = {5ED44CF9-B206-43D8-8EC3-8CF78F972F04}
		{047857BA-DAA3-4CA7-AFB8-A1B082B28C6A} = {5ED44CF9-B206-43D8-8EC3-8CF78F972F04}
	EndGlobalSection
EndGlobal
